
Microsoft Visual Studio Solution File, Format Version 12.00
# Visual Studio 15
VisualStudioVersion = 15.0.27004.2005
MinimumVisualStudioVersion = 10.0.40219.1
Project("{FAE04EC0-301F-11D3-BF4B-00C04F79EFBC}") = "KeyboardShortcutKatas", "KeyboardShortcutKatas\KeyboardShortcutKatas.csproj", "{56F91D62-4D55-400E-BCED-AC3B90CD15ED}"
EndProject
Global
	GlobalSection(SolutionConfigurationPlatforms) = preSolution
		Debug|Any CPU = Debug|Any CPU
		Release|Any CPU = Release|Any CPU
	EndGlobalSection
	GlobalSection(ProjectConfigurationPlatforms) = postSolution
		{56F91D62-4D55-400E-BCED-AC3B90CD15ED}.Debug|Any CPU.ActiveCfg = Debug|Any CPU
		{56F91D62-4D55-400E-BCED-AC3B90CD15ED}.Debug|Any CPU.Build.0 = Debug|Any CPU
		{56F91D62-4D55-400E-BCED-AC3B90CD15ED}.Release|Any CPU.ActiveCfg = Release|Any CPU
		{56F91D62-4D55-400E-BCED-AC3B90CD15ED}.Release|Any CPU.Build.0 = Release|Any CPU
	EndGlobalSection
	GlobalSection(SolutionProperties) = preSolution
		HideSolutionNode = FALSE
	EndGlobalSection
	GlobalSection(ExtensibilityGlobals) = postSolution
		SolutionGuid = {5A78F7AE-DABE-4482-B31E-B31663685154}
	EndGlobalSection
EndGlobal
